
Microsoft Visual Studio Solution File, Format Version 12.00
# Visual Studio 14
VisualStudioVersion = 14.0.25123.0
MinimumVisualStudioVersion = 10.0.40219.1
Project("{FAE04EC0-301F-11D3-BF4B-00C04F79EFBC}") = "TechStacks.XamForms.Droid", "TechStacks.XamForms\TechStacks.XamForms.Droid\TechStacks.XamForms.Droid.csproj", "{5E3B807C-CE5E-4720-98CB-380E547AF1C7}"
EndProject
Project("{FAE04EC0-301F-11D3-BF4B-00C04F79EFBC}") = "TechStacks.XamForms.iOS", "TechStacks.XamForms\TechStacks.XamForms.iOS\TechStacks.XamForms.iOS.csproj", "{26BAB1B3-1B6B-40CC-AE75-0A3DFDCA568D}"
EndProject
Project("{FAE04EC0-301F-11D3-BF4B-00C04F79EFBC}") = "TechStacks.XamForms", "TechStacks.XamForms\TechStacks.XamForms\TechStacks.XamForms.csproj", "{9ED8C6CD-03A9-4289-B4DD-2D8EA29BFA09}"
EndProject
Global
	GlobalSection(SolutionConfigurationPlatforms) = preSolution
		Ad-Hoc|Any CPU = Ad-Hoc|Any CPU
		Ad-Hoc|iPhone = Ad-Hoc|iPhone
		Ad-Hoc|iPhoneSimulator = Ad-Hoc|iPhoneSimulator
		AppStore|Any CPU = AppStore|Any CPU
		AppStore|iPhone = AppStore|iPhone
		AppStore|iPhoneSimulator = AppStore|iPhoneSimulator
		Debug|Any CPU = Debug|Any CPU
		Debug|iPhone = Debug|iPhone
		Debug|iPhoneSimulator = Debug|iPhoneSimulator
		Release|Any CPU = Release|Any CPU
		Release|iPhone = Release|iPhone
		Release|iPhoneSimulator = Release|iPhoneSimulator
	EndGlobalSection
	GlobalSection(ProjectConfigurationPlatforms) = postSolution
		{5E3B807C-CE5E-4720-98CB-380E547AF1C7}.Ad-Hoc|Any CPU.ActiveCfg = Release|Any CPU
		{5E3B807C-CE5E-4720-98CB-380E547AF1C7}.Ad-Hoc|Any CPU.Build.0 = Release|Any CPU
		{5E3B807C-CE5E-4720-98CB-380E547AF1C7}.Ad-Hoc|Any CPU.Deploy.0 = Release|Any CPU
		{5E3B807C-CE5E-4720-98CB-380E547AF1C7}.Ad-Hoc|iPhone.ActiveCfg = Release|Any CPU
		{5E3B807C-CE5E-4720-98CB-380E547AF1C7}.Ad-Hoc|iPhone.Build.0 = Release|Any CPU
		{5E3B807C-CE5E-4720-98CB-380E547AF1C7}.Ad-Hoc|iPhone.Deploy.0 = Release|Any CPU
		{5E3B807C-CE5E-4720-98CB-380E547AF1C7}.Ad-Hoc|iPhoneSimulator.ActiveCfg = Release|Any CPU
		{5E3B807C-CE5E-4720-98CB-380E547AF1C7}.Ad-Hoc|iPhoneSimulator.Build.0 = Release|Any CPU
		{5E3B807C-CE5E-4720-98CB-380E547AF1C7}.Ad-Hoc|iPhoneSimulator.Deploy.0 = Release|Any CPU
		{5E3B807C-CE5E-4720-98CB-380E547AF1C7}.AppStore|Any CPU.ActiveCfg = Release|Any CPU
		{5E3B807C-CE5E-4720-98CB-380E547AF1C7}.AppStore|Any CPU.Build.0 = Release|Any CPU
		{5E3B807C-CE5E-4720-98CB-380E547AF1C7}.AppStore|Any CPU.Deploy.0 = Release|Any CPU
		{5E3B807C-CE5E-4720-98CB-380E547AF1C7}.AppStore|iPhone.ActiveCfg = Release|Any CPU
		{5E3B807C-CE5E-4720-98CB-380E547AF1C7}.AppStore|iPhone.Build.0 = Release|Any CPU
		{5E3B807C-CE5E-4720-98CB-380E547AF1C7}.AppStore|iPhone.Deploy.0 = Release|Any CPU
		{5E3B807C-CE5E-4720-98CB-380E547AF1C7}.AppStore|iPhoneSimulator.ActiveCfg = Release|Any CPU
		{5E3B807C-CE5E-4720-98CB-380E547AF1C7}.AppStore|iPhoneSimulator.Build.0 = Release|Any CPU
		{5E3B807C-CE5E-4720-98CB-380E547AF1C7}.AppStore|iPhoneSimulator.Deploy.0 = Release|Any CPU
		{5E3B807C-CE5E-4720-98CB-380E547AF1C7}.Debug|Any CPU.ActiveCfg = Debug|Any CPU
		{5E3B807C-CE5E-4720-98CB-380E547AF1C7}.Debug|Any CPU.Build.0 = Debug|Any CPU
		{5E3B807C-CE5E-4720-98CB-380E547AF1C7}.Debug|Any CPU.Deploy.0 = Debug|Any CPU
		{5E3B807C-CE5E-4720-98CB-380E547AF1C7}.Debug|iPhone.ActiveCfg = Debug|Any CPU
		{5E3B807C-CE5E-4720-98CB-380E547AF1C7}.Debug|iPhone.Build.0 = Debug|Any CPU
		{5E3B807C-CE5E-4720-98CB-380E547AF1C7}.Debug|iPhone.Deploy.0 = Debug|Any CPU
		{5E3B807C-CE5E-4720-98CB-380E547AF1C7}.Debug|iPhoneSimulator.ActiveCfg = Debug|Any CPU
		{5E3B807C-CE5E-4720-98CB-380E547AF1C7}.Debug|iPhoneSimulator.Build.0 = Debug|Any CPU
		{5E3B807C-CE5E-4720-98CB-380E547AF1C7}.Debug|iPhoneSimulator.Deploy.0 = Debug|Any CPU
		{5E3B807C-CE5E-4720-98CB-380E547AF1C7}.Release|Any CPU.ActiveCfg = Release|Any CPU
		{5E3B807C-CE5E-4720-98CB-380E547AF1C7}.Release|Any CPU.Build.0 = Release|Any CPU
		{5E3B807C-CE5E-4720-98CB-380E547AF1C7}.Release|Any CPU.Deploy.0 = Release|Any CPU
		{5E3B807C-CE5E-4720-98CB-380E547AF1C7}.Release|iPhone.ActiveCfg = Release|Any CPU
		{5E3B807C-CE5E-4720-98CB-380E547AF1C7}.Release|iPhone.Build.0 = Release|Any CPU
		{5E3B807C-CE5E-4720-98CB-380E547AF1C7}.Release|iPhone.Deploy.0 = Release|Any CPU
		{5E3B807C-CE5E-4720-98CB-380E547AF1C7}.Release|iPhoneSimulator.ActiveCfg = Release|Any CPU
		{5E3B807C-CE5E-4720-98CB-380E547AF1C7}.Release|iPhoneSimulator.Build.0 = Release|Any CPU
		{5E3B807C-CE5E-4720-98CB-380E547AF1C7}.Release|iPhoneSimulator.Deploy.0 = Release|Any CPU
		{26BAB1B3-1B6B-40CC-AE75-0A3DFDCA568D}.Ad-Hoc|Any CPU.ActiveCfg = Ad-Hoc|iPhone
		{26BAB1B3-1B6B-40CC-AE75-0A3DFDCA568D}.Ad-Hoc|iPhone.ActiveCfg = Ad-Hoc|iPhone
		{26BAB1B3-1B6B-40CC-AE75-0A3DFDCA568D}.Ad-Hoc|iPhone.Build.0 = Ad-Hoc|iPhone
		{26BAB1B3-1B6B-40CC-AE75-0A3DFDCA568D}.Ad-Hoc|iPhoneSimulator.ActiveCfg = Ad-Hoc|iPhoneSimulator
		{26BAB1B3-1B6B-40CC-AE75-0A3DFDCA568D}.Ad-Hoc|iPhoneSimulator.Build.0 = Ad-Hoc|iPhoneSimulator
		{26BAB1B3-1B6B-40CC-AE75-0A3DFDCA568D}.AppStore|Any CPU.ActiveCfg = AppStore|iPhone
		{26BAB1B3-1B6B-40CC-AE75-0A3DFDCA568D}.AppStore|iPhone.ActiveCfg = AppStore|iPhone
		{26BAB1B3-1B6B-40CC-AE75-0A3DFDCA568D}.AppStore|iPhone.Build.0 = AppStore|iPhone
		{26BAB1B3-1B6B-40CC-AE75-0A3DFDCA568D}.AppStore|iPhoneSimulator.ActiveCfg = AppStore|iPhoneSimulator
		{26BAB1B3-1B6B-40CC-AE75-0A3DFDCA568D}.AppStore|iPhoneSimulator.Build.0 = AppStore|iPhoneSimulator
		{26BAB1B3-1B6B-40CC-AE75-0A3DFDCA568D}.Debug|Any CPU.ActiveCfg = Debug|iPhone
		{26BAB1B3-1B6B-40CC-AE75-0A3DFDCA568D}.Debug|iPhone.ActiveCfg = Debug|iPhone
		{26BAB1B3-1B6B-40CC-AE75-0A3DFDCA568D}.Debug|iPhone.Build.0 = Debug|iPhone
		{26BAB1B3-1B6B-40CC-AE75-0A3DFDCA568D}.Debug|iPhoneSimulator.ActiveCfg = Debug|iPhoneSimulator
		{26BAB1B3-1B6B-40CC-AE75-0A3DFDCA568D}.Debug|iPhoneSimulator.Build.0 = Debug|iPhoneSimulator
		{26BAB1B3-1B6B-40CC-AE75-0A3DFDCA568D}.Release|Any CPU.ActiveCfg = Release|iPhone
		{26BAB1B3-1B6B-40CC-AE75-0A3DFDCA568D}.Release|iPhone.ActiveCfg = Release|iPhone
		{26BAB1B3-1B6B-40CC-AE75-0A3DFDCA568D}.Release|iPhone.Build.0 = Release|iPhone
		{26BAB1B3-1B6B-40CC-AE75-0A3DFDCA568D}.Release|iPhoneSimulator.ActiveCfg = Release|iPhoneSimulator
		{26BAB1B3-1B6B-40CC-AE75-0A3DFDCA568D}.Release|iPhoneSimulator.Build.0 = Release|iPhoneSimulator
		{26BAB1B3-1B6B-40CC-AE75-0A3DFDCA568D}.Debug|Any CPU.Build.0 = Debug|iPhone
		{9ED8C6CD-03A9-4289-B4DD-2D8EA29BFA09}.Ad-Hoc|Any CPU.ActiveCfg = Release|Any CPU
		{9ED8C6CD-03A9-4289-B4DD-2D8EA29BFA09}.Ad-Hoc|Any CPU.Build.0 = Release|Any CPU
		{9ED8C6CD-03A9-4289-B4DD-2D8EA29BFA09}.Ad-Hoc|iPhone.ActiveCfg = Release|Any CPU
		{9ED8C6CD-03A9-4289-B4DD-2D8EA29BFA09}.Ad-Hoc|iPhone.Build.0 = Release|Any CPU
		{9ED8C6CD-03A9-4289-B4DD-2D8EA29BFA09}.Ad-Hoc|iPhoneSimulator.ActiveCfg = Release|Any CPU
		{9ED8C6CD-03A9-4289-B4DD-2D8EA29BFA09}.Ad-Hoc|iPhoneSimulator.Build.0 = Release|Any CPU
		{9ED8C6CD-03A9-4289-B4DD-2D8EA29BFA09}.AppStore|Any CPU.ActiveCfg = Release|Any CPU
		{9ED8C6CD-03A9-4289-B4DD-2D8EA29BFA09}.AppStore|Any CPU.Build.0 = Release|Any CPU
		{9ED8C6CD-03A9-4289-B4DD-2D8EA29BFA09}.AppStore|iPhone.ActiveCfg = Release|Any CPU
		{9ED8C6CD-03A9-4289-B4DD-2D8EA29BFA09}.AppStore|iPhone.Build.0 = Release|Any CPU
		{9ED8C6CD-03A9-4289-B4DD-2D8EA29BFA09}.AppStore|iPhoneSimulator.ActiveCfg = Release|Any CPU
		{9ED8C6CD-03A9-4289-B4DD-2D8EA29BFA09}.AppStore|iPhoneSimulator.Build.0 = Release|Any CPU
		{9ED8C6CD-03A9-4289-B4DD-2D8EA29BFA09}.Debug|Any CPU.ActiveCfg = Debug|Any CPU
		{9ED8C6CD-03A9-4289-B4DD-2D8EA29BFA09}.Debug|Any CPU.Build.0 = Debug|Any CPU
		{9ED8C6CD-03A9-4289-B4DD-2D8EA29BFA09}.Debug|iPhone.ActiveCfg = Debug|Any CPU
		{9ED8C6CD-03A9-4289-B4DD-2D8EA29BFA09}.Debug|iPhone.Build.0 = Debug|Any CPU
		{9ED8C6CD-03A9-4289-B4DD-2D8EA29BFA09}.Debug|iPhoneSimulator.ActiveCfg = Debug|Any CPU
		{9ED8C6CD-03A9-4289-B4DD-2D8EA29BFA09}.Debug|iPhoneSimulator.Build.0 = Debug|Any CPU
		{9ED8C6CD-03A9-4289-B4DD-2D8EA29BFA09}.Release|Any CPU.ActiveCfg = Release|Any CPU
		{9ED8C6CD-03A9-4289-B4DD-2D8EA29BFA09}.Release|Any CPU.Build.0 = Release|Any CPU
		{9ED8C6CD-03A9-4289-B4DD-2D8EA29BFA09}.Release|iPhone.ActiveCfg = Release|Any CPU
		{9ED8C6CD-03A9-4289-B4DD-2D8EA29BFA09}.Release|iPhone.Build.0 = Release|Any CPU
		{9ED8C6CD-03A9-4289-B4DD-2D8EA29BFA09}.Release|iPhoneSimulator.ActiveCfg = Release|Any CPU
		{9ED8C6CD-03A9-4289-B4DD-2D8EA29BFA09}.Release|iPhoneSimulator.Build.0 = Release|Any CPU
	EndGlobalSection
	GlobalSection(SolutionProperties) = preSolution
		HideSolutionNode = FALSE
	EndGlobalSection
EndGlobal
